
Microsoft Visual Studio Solution File, Format Version 12.00
# Visual Studio Version 16
VisualStudioVersion = 16.0.31205.134
MinimumVisualStudioVersion = 10.0.40219.1
Project("{9A19103F-16F7-4668-BE54-9A1E7A4F7556}") = "NetStandardLib", "NetStandardLib\NetStandardLib.csproj", "{0E65A693-2AB5-48E2-BC3B-EAE5D7DA068A}"
EndProject
Project("{9A19103F-16F7-4668-BE54-9A1E7A4F7556}") = "NetFrameworkLibModern", "NetFrameworkLibModern\NetFrameworkLibModern.csproj", "{307C58C4-151C-4862-AD87-B32B67B48619}"
EndProject
Project("{FAE04EC0-301F-11D3-BF4B-00C04F79EFBC}") = "NetFrameworkLibLegacy", "NetFrameworkLibLegacy\NetFrameworkLibLegacy.csproj", "{5D3C3668-F769-4771-A333-3376DA56164E}"
EndProject
Global
	GlobalSection(SolutionConfigurationPlatforms) = preSolution
		Debug|Any CPU = Debug|Any CPU
		Release|Any CPU = Release|Any CPU
	EndGlobalSection
	GlobalSection(ProjectConfigurationPlatforms) = postSolution
		{0E65A693-2AB5-48E2-BC3B-EAE5D7DA068A}.Debug|Any CPU.ActiveCfg = Debug|Any CPU
		{0E65A693-2AB5-48E2-BC3B-EAE5D7DA068A}.Debug|Any CPU.Build.0 = Debug|Any CPU
		{0E65A693-2AB5-48E2-BC3B-EAE5D7DA068A}.Release|Any CPU.ActiveCfg = Release|Any CPU
		{0E65A693-2AB5-48E2-BC3B-EAE5D7DA068A}.Release|Any CPU.Build.0 = Release|Any CPU
		{307C58C4-151C-4862-AD87-B32B67B48619}.Debug|Any CPU.ActiveCfg = Debug|Any CPU
		{307C58C4-151C-4862-AD87-B32B67B48619}.Debug|Any CPU.Build.0 = Debug|Any CPU
		{307C58C4-151C-4862-AD87-B32B67B48619}.Release|Any CPU.ActiveCfg = Release|Any CPU
		{307C58C4-151C-4862-AD87-B32B67B48619}.Release|Any CPU.Build.0 = Release|Any CPU
		{5D3C3668-F769-4771-A333-3376DA56164E}.Debug|Any CPU.ActiveCfg = Debug|Any CPU
		{5D3C3668-F769-4771-A333-3376DA56164E}.Debug|Any CPU.Build.0 = Debug|Any CPU
		{5D3C3668-F769-4771-A333-3376DA56164E}.Release|Any CPU.ActiveCfg = Release|Any CPU
		{5D3C3668-F769-4771-A333-3376DA56164E}.Release|Any CPU.Build.0 = Release|Any CPU
	EndGlobalSection
	GlobalSection(SolutionProperties) = preSolution
		HideSolutionNode = FALSE
	EndGlobalSection
	GlobalSection(ExtensibilityGlobals) = postSolution
		SolutionGuid = {76F221D1-6C4D-458B-AAEB-09EBE0C5CC3E}
	EndGlobalSection
EndGlobal
